
Microsoft Visual Studio Solution File, Format Version 12.00
# Visual Studio Version 16
VisualStudioVersion = 16.0.30717.126
MinimumVisualStudioVersion = 10.0.40219.1
Project("{9A19103F-16F7-4668-BE54-9A1E7A4F7556}") = "Activity0302_EFCoreNewDb", "Activity0302_EFCoreNewDb\Activity0302_EFCoreNewDb.csproj", "{E3D70EBE-CAE1-43D1-9B8A-59DD5343CBAE}"
EndProject
Project("{9A19103F-16F7-4668-BE54-9A1E7A4F7556}") = "InventoryDatabaseCore", "InventoryDatabaseCore\InventoryDatabaseCore.csproj", "{C0BBD8CB-0B2E-48B8-9950-23BD847AA142}"
EndProject
Project("{9A19103F-16F7-4668-BE54-9A1E7A4F7556}") = "InventoryModels", "InventoryModels\InventoryModels.csproj", "{BC652A00-2EB0-4BE3-B483-9FE23747B42A}"
EndProject
Global
	GlobalSection(SolutionConfigurationPlatforms) = preSolution
		Debug|Any CPU = Debug|Any CPU
		Release|Any CPU = Release|Any CPU
	EndGlobalSection
	GlobalSection(ProjectConfigurationPlatforms) = postSolution
		{E3D70EBE-CAE1-43D1-9B8A-59DD5343CBAE}.Debug|Any CPU.ActiveCfg = Debug|Any CPU
		{E3D70EBE-CAE1-43D1-9B8A-59DD5343CBAE}.Debug|Any CPU.Build.0 = Debug|Any CPU
		{E3D70EBE-CAE1-43D1-9B8A-59DD5343CBAE}.Release|Any CPU.ActiveCfg = Release|Any CPU
		{E3D70EBE-CAE1-43D1-9B8A-59DD5343CBAE}.Release|Any CPU.Build.0 = Release|Any CPU
		{C0BBD8CB-0B2E-48B8-9950-23BD847AA142}.Debug|Any CPU.ActiveCfg = Debug|Any CPU
		{C0BBD8CB-0B2E-48B8-9950-23BD847AA142}.Debug|Any CPU.Build.0 = Debug|Any CPU
		{C0BBD8CB-0B2E-48B8-9950-23BD847AA142}.Release|Any CPU.ActiveCfg = Release|Any CPU
		{C0BBD8CB-0B2E-48B8-9950-23BD847AA142}.Release|Any CPU.Build.0 = Release|Any CPU
		{BC652A00-2EB0-4BE3-B483-9FE23747B42A}.Debug|Any CPU.ActiveCfg = Debug|Any CPU
		{BC652A00-2EB0-4BE3-B483-9FE23747B42A}.Debug|Any CPU.Build.0 = Debug|Any CPU
		{BC652A00-2EB0-4BE3-B483-9FE23747B42A}.Release|Any CPU.ActiveCfg = Release|Any CPU
		{BC652A00-2EB0-4BE3-B483-9FE23747B42A}.Release|Any CPU.Build.0 = Release|Any CPU
	EndGlobalSection
	GlobalSection(SolutionProperties) = preSolution
		HideSolutionNode = FALSE
	EndGlobalSection
	GlobalSection(ExtensibilityGlobals) = postSolution
		SolutionGuid = {DB9DB4EE-B540-47EA-BEF3-1A3D467CD1FB}
	EndGlobalSection
EndGlobal
